// !$*UTF8*$!
{
	archiveVersion = 1;
	classes = {
	};
	objectVersion = 55;
	objects = {

/* Begin PBXBuildFile section */
		4C479DE627AAE1C200512143 /* AbsenceRecorderApp.swift in Sources */ = {isa = PBXBuildFile; fileRef = 4C479DE527AAE1C200512143 /* AbsenceRecorderApp.swift */; };
		4C479DE827AAE1C200512143 /* ContentView.swift in Sources */ = {isa = PBXBuildFile; fileRef = 4C479DE727AAE1C200512143 /* ContentView.swift */; };
		4C479DEA27AAE1C400512143 /* Assets.xcassets in Resources */ = {isa = PBXBuildFile; fileRef = 4C479DE927AAE1C400512143 /* Assets.xcassets */; };
		4C479DED27AAE1C400512143 /* Preview Assets.xcassets in Resources */ = {isa = PBXBuildFile; fileRef = 4C479DEC27AAE1C400512143 /* Preview Assets.xcassets */; };
		4C479DF727AAE1C400512143 /* AbsenceRecorderTests.swift in Sources */ = {isa = PBXBuildFile; fileRef = 4C479DF627AAE1C400512143 /* AbsenceRecorderTests.swift */; };
		4C479E0127AAE1C400512143 /* AbsenceRecorderUITests.swift in Sources */ = {isa = PBXBuildFile; fileRef = 4C479E0027AAE1C400512143 /* AbsenceRecorderUITests.swift */; };
		4C479E0327AAE1C400512143 /* AbsenceRecorderUITestsLaunchTests.swift in Sources */ = {isa = PBXBuildFile; fileRef = 4C479E0227AAE1C400512143 /* AbsenceRecorderUITestsLaunchTests.swift */; };
		4C479E1227AAE79F00512143 /* Student.swift in Sources */ = {isa = PBXBuildFile; fileRef = 4C479E1127AAE79F00512143 /* Student.swift */; };
		4C479E1427AAE82400512143 /* Division.swift in Sources */ = {isa = PBXBuildFile; fileRef = 4C479E1327AAE82400512143 /* Division.swift */; };
		4C479E1727AAF16500512143 /* Date.swift in Sources */ = {isa = PBXBuildFile; fileRef = 4C479E1627AAF16500512143 /* Date.swift */; };
		4C479E1927AAF4EE00512143 /* diviosnItem.swift in Sources */ = {isa = PBXBuildFile; fileRef = 4C479E1827AAF4EE00512143 /* diviosnItem.swift */; };
/* End PBXBuildFile section */

/* Begin PBXContainerItemProxy section */
		4C479DF327AAE1C400512143 /* PBXContainerItemProxy */ = {
			isa = PBXContainerItemProxy;
			containerPortal = 4C479DDA27AAE1C200512143 /* Project object */;
			proxyType = 1;
			remoteGlobalIDString = 4C479DE127AAE1C200512143;
			remoteInfo = AbsenceRecorder;
		};
		4C479DFD27AAE1C400512143 /* PBXContainerItemProxy */ = {
			isa = PBXContainerItemProxy;
			containerPortal = 4C479DDA27AAE1C200512143 /* Project object */;
			proxyType = 1;
			remoteGlobalIDString = 4C479DE127AAE1C200512143;
			remoteInfo = AbsenceRecorder;
		};
/* End PBXContainerItemProxy section */

/* Begin PBXFileReference section */
		4C479DE227AAE1C200512143 /* AbsenceRecorder.app */ = {isa = PBXFileReference; explicitFileType = wrapper.application; includeInIndex = 0; path = AbsenceRecorder.app; sourceTree = BUILT_PRODUCTS_DIR; };
		4C479DE527AAE1C200512143 /* AbsenceRecorderApp.swift */ = {isa = PBXFileReference; lastKnownFileType = sourcecode.swift; path = AbsenceRecorderApp.swift; sourceTree = "<group>"; };
		4C479DE727AAE1C200512143 /* ContentView.swift */ = {isa = PBXFileReference; lastKnownFileType = sourcecode.swift; path = ContentView.swift; sourceTree = "<group>"; };
		4C479DE927AAE1C400512143 /* Assets.xcassets */ = {isa = PBXFileReference; lastKnownFileType = folder.assetcatalog; path = Assets.xcassets; sourceTree = "<group>"; };
		4C479DEC27AAE1C400512143 /* Preview Assets.xcassets */ = {isa = PBXFileReference; lastKnownFileType = folder.assetcatalog; path = "Preview Assets.xcassets"; sourceTree = "<group>"; };
		4C479DF227AAE1C400512143 /* AbsenceRecorderTests.xctest */ = {isa = PBXFileReference; explicitFileType = wrapper.cfbundle; includeInIndex = 0; path = AbsenceRecorderTests.xctest; sourceTree = BUILT_PRODUCTS_DIR; };
		4C479DF627AAE1C400512143 /* AbsenceRecorderTests.swift */ = {isa = PBXFileReference; lastKnownFileType = sourcecode.swift; path = AbsenceRecorderTests.swift; sourceTree = "<group>"; };
		4C479DFC27AAE1C400512143 /* AbsenceRecorderUITests.xctest */ = {isa = PBXFileReference; explicitFileType = wrapper.cfbundle; includeInIndex = 0; path = AbsenceRecorderUITests.xctest; sourceTree = BUILT_PRODUCTS_DIR; };
		4C479E0027AAE1C400512143 /* AbsenceRecorderUITests.swift */ = {isa = PBXFileReference; lastKnownFileType = sourcecode.swift; path = AbsenceRecorderUITests.swift; sourceTree = "<group>"; };
		4C479E0227AAE1C400512143 /* AbsenceRecorderUITestsLaunchTests.swift */ = {isa = PBXFileReference; lastKnownFileType = sourcecode.swift; path = AbsenceRecorderUITestsLaunchTests.swift; sourceTree = "<group>"; };
		4C479E1127AAE79F00512143 /* Student.swift */ = {isa = PBXFileReference; lastKnownFileType = sourcecode.swift; path = Student.swift; sourceTree = "<group>"; };
		4C479E1327AAE82400512143 /* Division.swift */ = {isa = PBXFileReference; lastKnownFileType = sourcecode.swift; path = Division.swift; sourceTree = "<group>"; };
		4C479E1627AAF16500512143 /* Date.swift */ = {isa = PBXFileReference; lastKnownFileType = sourcecode.swift; path = Date.swift; sourceTree = "<group>"; };
		4C479E1827AAF4EE00512143 /* diviosnItem.swift */ = {isa = PBXFileReference; lastKnownFileType = sourcecode.swift; path = diviosnItem.swift; sourceTree = "<group>"; };
/* End PBXFileReference section */

/* Begin PBXFrameworksBuildPhase section */
		4C479DDF27AAE1C200512143 /* Frameworks */ = {
			isa = PBXFrameworksBuildPhase;
			buildActionMask = 2147483647;
			files = (
			);
			runOnlyForDeploymentPostprocessing = 0;
		};
		4C479DEF27AAE1C400512143 /* Frameworks */ = {
			isa = PBXFrameworksBuildPhase;
			buildActionMask = 2147483647;
			files = (
			);
			runOnlyForDeploymentPostprocessing = 0;
		};
		4C479DF927AAE1C400512143 /* Frameworks */ = {
			isa = PBXFrameworksBuildPhase;
			buildActionMask = 2147483647;
			files = (
			);
			runOnlyForDeploymentPostprocessing = 0;
		};
/* End PBXFrameworksBuildPhase section */

/* Begin PBXGroup section */
		4C479DD927AAE1C200512143 = {
			isa = PBXGroup;
			children = (
				4C479DE427AAE1C200512143 /* AbsenceRecorder */,
				4C479DF527AAE1C400512143 /* AbsenceRecorderTests */,
				4C479DFF27AAE1C400512143 /* AbsenceRecorderUITests */,
				4C479DE327AAE1C200512143 /* Products */,
			);
			sourceTree = "<group>";
		};
		4C479DE327AAE1C200512143 /* Products */ = {
			isa = PBXGroup;
			children = (
				4C479DE227AAE1C200512143 /* AbsenceRecorder.app */,
				4C479DF227AAE1C400512143 /* AbsenceRecorderTests.xctest */,
				4C479DFC27AAE1C400512143 /* AbsenceRecorderUITests.xctest */,
			);
			name = Products;
			sourceTree = "<group>";
		};
		4C479DE427AAE1C200512143 /* AbsenceRecorder */ = {
			isa = PBXGroup;
			children = (
				4C479E1527AAF14600512143 /* Extensions */,
				4C479E1027AAE75200512143 /* View */,
				4C479E0F27AAE74000512143 /* Model */,
				4C479DE527AAE1C200512143 /* AbsenceRecorderApp.swift */,
				4C479DE927AAE1C400512143 /* Assets.xcassets */,
				4C479DEB27AAE1C400512143 /* Preview Content */,
			);
			path = AbsenceRecorder;
			sourceTree = "<group>";
		};
		4C479DEB27AAE1C400512143 /* Preview Content */ = {
			isa = PBXGroup;
			children = (
				4C479DEC27AAE1C400512143 /* Preview Assets.xcassets */,
			);
			path = "Preview Content";
			sourceTree = "<group>";
		};
		4C479DF527AAE1C400512143 /* AbsenceRecorderTests */ = {
			isa = PBXGroup;
			children = (
				4C479DF627AAE1C400512143 /* AbsenceRecorderTests.swift */,
			);
			path = AbsenceRecorderTests;
			sourceTree = "<group>";
		};
		4C479DFF27AAE1C400512143 /* AbsenceRecorderUITests */ = {
			isa = PBXGroup;
			children = (
				4C479E0027AAE1C400512143 /* AbsenceRecorderUITests.swift */,
				4C479E0227AAE1C400512143 /* AbsenceRecorderUITestsLaunchTests.swift */,
			);
			path = AbsenceRecorderUITests;
			sourceTree = "<group>";
		};
		4C479E0F27AAE74000512143 /* Model */ = {
			isa = PBXGroup;
			children = (
				4C479E1127AAE79F00512143 /* Student.swift */,
				4C479E1327AAE82400512143 /* Division.swift */,
			);
			path = Model;
			sourceTree = "<group>";
		};
		4C479E1027AAE75200512143 /* View */ = {
			isa = PBXGroup;
			children = (
				4C479DE727AAE1C200512143 /* ContentView.swift */,
				4C479E1827AAF4EE00512143 /* diviosnItem.swift */,
			);
			path = View;
			sourceTree = "<group>";
		};
		4C479E1527AAF14600512143 /* Extensions */ = {
			isa = PBXGroup;
			children = (
				4C479E1627AAF16500512143 /* Date.swift */,
			);
			path = Extensions;
			sourceTree = "<group>";
		};
/* End PBXGroup section */

/* Begin PBXNativeTarget section */
		4C479DE127AAE1C200512143 /* AbsenceRecorder */ = {
			isa = PBXNativeTarget;
			buildConfigurationList = 4C479E0627AAE1C400512143 /* Build configuration list for PBXNativeTarget "AbsenceRecorder" */;
			buildPhases = (
				4C479DDE27AAE1C200512143 /* Sources */,
				4C479DDF27AAE1C200512143 /* Frameworks */,
				4C479DE027AAE1C200512143 /* Resources */,
			);
			buildRules = (
			);
			dependencies = (
			);
			name = AbsenceRecorder;
			productName = AbsenceRecorder;
			productReference = 4C479DE227AAE1C200512143 /* AbsenceRecorder.app */;
			productType = "com.apple.product-type.application";
		};
		4C479DF127AAE1C400512143 /* AbsenceRecorderTests */ = {
			isa = PBXNativeTarget;
			buildConfigurationList = 4C479E0927AAE1C400512143 /* Build configuration list for PBXNativeTarget "AbsenceRecorderTests" */;
			buildPhases = (
				4C479DEE27AAE1C400512143 /* Sources */,
				4C479DEF27AAE1C400512143 /* Frameworks */,
				4C479DF027AAE1C400512143 /* Resources */,
			);
			buildRules = (
			);
			dependencies = (
				4C479DF427AAE1C400512143 /* PBXTargetDependency */,
			);
			name = AbsenceRecorderTests;
			productName = AbsenceRecorderTests;
			productReference = 4C479DF227AAE1C400512143 /* AbsenceRecorderTests.xctest */;
			productType = "com.apple.product-type.bundle.unit-test";
		};
		4C479DFB27AAE1C400512143 /* AbsenceRecorderUITests */ = {
			isa = PBXNativeTarget;
			buildConfigurationList = 4C479E0C27AAE1C400512143 /* Build configuration list for PBXNativeTarget "AbsenceRecorderUITests" */;
			buildPhases = (
				4C479DF827AAE1C400512143 /* Sources */,
				4C479DF927AAE1C400512143 /* Frameworks */,
				4C479DFA27AAE1C400512143 /* Resources */,
			);
			buildRules = (
			);
			dependencies = (
				4C479DFE27AAE1C400512143 /* PBXTargetDependency */,
			);
			name = AbsenceRecorderUITests;
			productName = AbsenceRecorderUITests;
			productReference = 4C479DFC27AAE1C400512143 /* AbsenceRecorderUITests.xctest */;
			productType = "com.apple.product-type.bundle.ui-testing";
		};
/* End PBXNativeTarget section */

/* Begin PBXProject section */
		4C479DDA27AAE1C200512143 /* Project object */ = {
			isa = PBXProject;
			attributes = {
				BuildIndependentTargetsInParallel = 1;
				LastSwiftUpdateCheck = 1320;
				LastUpgradeCheck = 1320;
				TargetAttributes = {
					4C479DE127AAE1C200512143 = {
						CreatedOnToolsVersion = 13.2.1;
					};
					4C479DF127AAE1C400512143 = {
						CreatedOnToolsVersion = 13.2.1;
						TestTargetID = 4C479DE127AAE1C200512143;
					};
					4C479DFB27AAE1C400512143 = {
						CreatedOnToolsVersion = 13.2.1;
						TestTargetID = 4C479DE127AAE1C200512143;
					};
				};
			};
			buildConfigurationList = 4C479DDD27AAE1C200512143 /* Build configuration list for PBXProject "AbsenceRecorder" */;
			compatibilityVersion = "Xcode 13.0";
			developmentRegion = en;
			hasScannedForEncodings = 0;
			knownRegions = (
				en,
				Base,
			);
			mainGroup = 4C479DD927AAE1C200512143;
			productRefGroup = 4C479DE327AAE1C200512143 /* Products */;
			projectDirPath = "";
			projectRoot = "";
			targets = (
				4C479DE127AAE1C200512143 /* AbsenceRecorder */,
				4C479DF127AAE1C400512143 /* AbsenceRecorderTests */,
				4C479DFB27AAE1C400512143 /* AbsenceRecorderUITests */,
			);
		};
/* End PBXProject section */

/* Begin PBXResourcesBuildPhase section */
		4C479DE027AAE1C200512143 /* Resources */ = {
			isa = PBXResourcesBuildPhase;
			buildActionMask = 2147483647;
			files = (
				4C479DED27AAE1C400512143 /* Preview Assets.xcassets in Resources */,
				4C479DEA27AAE1C400512143 /* Assets.xcassets in Resources */,
			);
			runOnlyForDeploymentPostprocessing = 0;
		};
		4C479DF027AAE1C400512143 /* Resources */ = {
			isa = PBXResourcesBuildPhase;
			buildActionMask = 2147483647;
			files = (
			);
			runOnlyForDeploymentPostprocessing = 0;
		};
		4C479DFA27AAE1C400512143 /* Resources */ = {
			isa = PBXResourcesBuildPhase;
			buildActionMask = 2147483647;
			files = (
			);
			runOnlyForDeploymentPostprocessing = 0;
		};
/* End PBXResourcesBuildPhase section */

/* Begin PBXSourcesBuildPhase section */
		4C479DDE27AAE1C200512143 /* Sources */ = {
			isa = PBXSourcesBuildPhase;
			buildActionMask = 2147483647;
			files = (
				4C479DE827AAE1C200512143 /* ContentView.swift in Sources */,
				4C479E1727AAF16500512143 /* Date.swift in Sources */,
				4C479E1227AAE79F00512143 /* Student.swift in Sources */,
				4C479E1427AAE82400512143 /* Division.swift in Sources */,
				4C479DE627AAE1C200512143 /* AbsenceRecorderApp.swift in Sources */,
				4C479E1927AAF4EE00512143 /* diviosnItem.swift in Sources */,
			);
			runOnlyForDeploymentPostprocessing = 0;
		};
		4C479DEE27AAE1C400512143 /* Sources */ = {
			isa = PBXSourcesBuildPhase;
			buildActionMask = 2147483647;
			files = (
				4C479DF727AAE1C400512143 /* AbsenceRecorderTests.swift in Sources */,
			);
			runOnlyForDeploymentPostprocessing = 0;
		};
		4C479DF827AAE1C400512143 /* Sources */ = {
			isa = PBXSourcesBuildPhase;
			buildActionMask = 2147483647;
			files = (
				4C479E0327AAE1C400512143 /* AbsenceRecorderUITestsLaunchTests.swift in Sources */,
				4C479E0127AAE1C400512143 /* AbsenceRecorderUITests.swift in Sources */,
			);
			runOnlyForDeploymentPostprocessing = 0;
		};
/* End PBXSourcesBuildPhase section */

/* Begin PBXTargetDependency section */
		4C479DF427AAE1C400512143 /* PBXTargetDependency */ = {
			isa = PBXTargetDependency;
			target = 4C479DE127AAE1C200512143 /* AbsenceRecorder */;
			targetProxy = 4C479DF327AAE1C400512143 /* PBXContainerItemProxy */;
		};
		4C479DFE27AAE1C400512143 /* PBXTargetDependency */ = {
			isa = PBXTargetDependency;
			target = 4C479DE127AAE1C200512143 /* AbsenceRecorder */;
			targetProxy = 4C479DFD27AAE1C400512143 /* PBXContainerItemProxy */;
		};
/* End PBXTargetDependency section */

/* Begin XCBuildConfiguration section */
		4C479E0427AAE1C400512143 /* Debug */ = {
			isa = XCBuildConfiguration;
			buildSettings = {
				ALWAYS_SEARCH_USER_PATHS = NO;
				CLANG_ANALYZER_NONNULL = YES;
				CLANG_ANALYZER_NUMBER_OBJECT_CONVERSION = YES_AGGRESSIVE;
				CLANG_CXX_LANGUAGE_STANDARD = "gnu++17";
				CLANG_CXX_LIBRARY = "libc++";
				CLANG_ENABLE_MODULES = YES;
				CLANG_ENABLE_OBJC_ARC = YES;
				CLANG_ENABLE_OBJC_WEAK = YES;
				CLANG_WARN_BLOCK_CAPTURE_AUTORELEASING = YES;
				CLANG_WARN_BOOL_CONVERSION = YES;
				CLANG_WARN_COMMA = YES;
				CLANG_WARN_CONSTANT_CONVERSION = YES;
				CLANG_WARN_DEPRECATED_OBJC_IMPLEMENTATIONS = YES;
				CLANG_WARN_DIRECT_OBJC_ISA_USAGE = YES_ERROR;
				CLANG_WARN_DOCUMENTATION_COMMENTS = YES;
				CLANG_WARN_EMPTY_BODY = YES;
				CLANG_WARN_ENUM_CONVERSION = YES;
				CLANG_WARN_INFINITE_RECURSION = YES;
				CLANG_WARN_INT_CONVERSION = YES;
				CLANG_WARN_NON_LITERAL_NULL_CONVERSION = YES;
				CLANG_WARN_OBJC_IMPLICIT_RETAIN_SELF = YES;
				CLANG_WARN_OBJC_LITERAL_CONVERSION = YES;
				CLANG_WARN_OBJC_ROOT_CLASS = YES_ERROR;
				CLANG_WARN_QUOTED_INCLUDE_IN_FRAMEWORK_HEADER = YES;
				CLANG_WARN_RANGE_LOOP_ANALYSIS = YES;
				CLANG_WARN_STRICT_PROTOTYPES = YES;
				CLANG_WARN_SUSPICIOUS_MOVE = YES;
				CLANG_WARN_UNGUARDED_AVAILABILITY = YES_AGGRESSIVE;
				CLANG_WARN_UNREACHABLE_CODE = YES;
				CLANG_WARN__DUPLICATE_METHOD_MATCH = YES;
				COPY_PHASE_STRIP = NO;
				DEBUG_INFORMATION_FORMAT = dwarf;
				ENABLE_STRICT_OBJC_MSGSEND = YES;
				ENABLE_TESTABILITY = YES;
				GCC_C_LANGUAGE_STANDARD = gnu11;
				GCC_DYNAMIC_NO_PIC = NO;
				GCC_NO_COMMON_BLOCKS = YES;
				GCC_OPTIMIZATION_LEVEL = 0;
				GCC_PREPROCESSOR_DEFINITIONS = (
					"DEBUG=1",
					"$(inherited)",
				);
				GCC_WARN_64_TO_32_BIT_CONVERSION = YES;
				GCC_WARN_ABOUT_RETURN_TYPE = YES_ERROR;
				GCC_WARN_UNDECLARED_SELECTOR = YES;
				GCC_WARN_UNINITIALIZED_AUTOS = YES_AGGRESSIVE;
				GCC_WARN_UNUSED_FUNCTION = YES;
				GCC_WARN_UNUSED_VARIABLE = YES;
				IPHONEOS_DEPLOYMENT_TARGET = 15.2;
				MTL_ENABLE_DEBUG_INFO = INCLUDE_SOURCE;
				MTL_FAST_MATH = YES;
				ONLY_ACTIVE_ARCH = YES;
				SDKROOT = iphoneos;
				SWIFT_ACTIVE_COMPILATION_CONDITIONS = DEBUG;
				SWIFT_OPTIMIZATION_LEVEL = "-Onone";
			};
			name = Debug;
		};
		4C479E0527AAE1C400512143 /* Release */ = {
			isa = XCBuildConfiguration;
			buildSettings = {
				ALWAYS_SEARCH_USER_PATHS = NO;
				CLANG_ANALYZER_NONNULL = YES;
				CLANG_ANALYZER_NUMBER_OBJECT_CONVERSION = YES_AGGRESSIVE;
				CLANG_CXX_LANGUAGE_STANDARD = "gnu++17";
				CLANG_CXX_LIBRARY = "libc++";
				CLANG_ENABLE_MODULES = YES;
				CLANG_ENABLE_OBJC_ARC = YES;
				CLANG_ENABLE_OBJC_WEAK = YES;
				CLANG_WARN_BLOCK_CAPTURE_AUTORELEASING = YES;
				CLANG_WARN_BOOL_CONVERSION = YES;
				CLANG_WARN_COMMA = YES;
				CLANG_WARN_CONSTANT_CONVERSION = YES;
				CLANG_WARN_DEPRECATED_OBJC_IMPLEMENTATIONS = YES;
				CLANG_WARN_DIRECT_OBJC_ISA_USAGE = YES_ERROR;
				CLANG_WARN_DOCUMENTATION_COMMENTS = YES;
				CLANG_WARN_EMPTY_BODY = YES;
				CLANG_WARN_ENUM_CONVERSION = YES;
				CLANG_WARN_INFINITE_RECURSION = YES;
				CLANG_WARN_INT_CONVERSION = YES;
				CLANG_WARN_NON_LITERAL_NULL_CONVERSION = YES;
				CLANG_WARN_OBJC_IMPLICIT_RETAIN_SELF = YES;
				CLANG_WARN_OBJC_LITERAL_CONVERSION = YES;
				CLANG_WARN_OBJC_ROOT_CLASS = YES_ERROR;
				CLANG_WARN_QUOTED_INCLUDE_IN_FRAMEWORK_HEADER = YES;
				CLANG_WARN_RANGE_LOOP_ANALYSIS = YES;
				CLANG_WARN_STRICT_PROTOTYPES = YES;
				CLANG_WARN_SUSPICIOUS_MOVE = YES;
				CLANG_WARN_UNGUARDED_AVAILABILITY = YES_AGGRESSIVE;
				CLANG_WARN_UNREACHABLE_CODE = YES;
				CLANG_WARN__DUPLICATE_METHOD_MATCH = YES;
				COPY_PHASE_STRIP = NO;
				DEBUG_INFORMATION_FORMAT = "dwarf-with-dsym";
				ENABLE_NS_ASSERTIONS = NO;
				ENABLE_STRICT_OBJC_MSGSEND = YES;
				GCC_C_LANGUAGE_STANDARD = gnu11;
				GCC_NO_COMMON_BLOCKS = YES;
				GCC_WARN_64_TO_32_BIT_CONVERSION = YES;
				GCC_WARN_ABOUT_RETURN_TYPE = YES_ERROR;
				GCC_WARN_UNDECLARED_SELECTOR = YES;
				GCC_WARN_UNINITIALIZED_AUTOS = YES_AGGRESSIVE;
				GCC_WARN_UNUSED_FUNCTION = YES;
				GCC_WARN_UNUSED_VARIABLE = YES;
				IPHONEOS_DEPLOYMENT_TARGET = 15.2;
				MTL_ENABLE_DEBUG_INFO = NO;
				MTL_FAST_MATH = YES;
				SDKROOT = iphoneos;
				SWIFT_COMPILATION_MODE = wholemodule;
				SWIFT_OPTIMIZATION_LEVEL = "-O";
				VALIDATE_PRODUCT = YES;
			};
			name = Release;
		};
		4C479E0727AAE1C400512143 /* Debug */ = {
			isa = XCBuildConfiguration;
			buildSettings = {
				ASSETCATALOG_COMPILER_APPICON_NAME = AppIcon;
				ASSETCATALOG_COMPILER_GLOBAL_ACCENT_COLOR_NAME = AccentColor;
				CODE_SIGN_STYLE = Automatic;
				CURRENT_PROJECT_VERSION = 1;
				DEVELOPMENT_ASSET_PATHS = "\"AbsenceRecorder/Preview Content\"";
				ENABLE_PREVIEWS = YES;
				GENERATE_INFOPLIST_FILE = YES;
				INFOPLIST_KEY_UIApplicationSceneManifest_Generation = YES;
				INFOPLIST_KEY_UIApplicationSupportsIndirectInputEvents = YES;
				INFOPLIST_KEY_UILaunchScreen_Generation = YES;
				INFOPLIST_KEY_UISupportedInterfaceOrientations_iPad = "UIInterfaceOrientationPortrait UIInterfaceOrientationPortraitUpsideDown UIInterfaceOrientationLandscapeLeft UIInterfaceOrientationLandscapeRight";
				INFOPLIST_KEY_UISupportedInterfaceOrientations_iPhone = "UIInterfaceOrientationPortrait UIInterfaceOrientationLandscapeLeft UIInterfaceOrientationLandscapeRight";
				LD_RUNPATH_SEARCH_PATHS = (
					"$(inherited)",
					"@executable_path/Frameworks",
				);
				MARKETING_VERSION = 1.0;
				PRODUCT_BUNDLE_IDENTIFIER = "com.shanahan-k.AbsenceRecorder";
				PRODUCT_NAME = "$(TARGET_NAME)";
				SWIFT_EMIT_LOC_STRINGS = YES;
				SWIFT_VERSION = 5.0;
				TARGETED_DEVICE_FAMILY = "1,2";
			};
			name = Debug;
		};
		4C479E0827AAE1C400512143 /* Release */ = {
			isa = XCBuildConfiguration;
			buildSettings = {
				ASSETCATALOG_COMPILER_APPICON_NAME = AppIcon;
				ASSETCATALOG_COMPILER_GLOBAL_ACCENT_COLOR_NAME = AccentColor;
				CODE_SIGN_STYLE = Automatic;
				CURRENT_PROJECT_VERSION = 1;
				DEVELOPMENT_ASSET_PATHS = "\"AbsenceRecorder/Preview Content\"";
				ENABLE_PREVIEWS = YES;
				GENERATE_INFOPLIST_FILE = YES;
				INFOPLIST_KEY_UIApplicationSceneManifest_Generation = YES;
				INFOPLIST_KEY_UIApplicationSupportsIndirectInputEvents = YES;
				INFOPLIST_KEY_UILaunchScreen_Generation = YES;
				INFOPLIST_KEY_UISupportedInterfaceOrientations_iPad = "UIInterfaceOrientationPortrait UIInterfaceOrientationPortraitUpsideDown UIInterfaceOrientationLandscapeLeft UIInterfaceOrientationLandscapeRight";
				INFOPLIST_KEY_UISupportedInterfaceOrientations_iPhone = "UIInterfaceOrientationPortrait UIInterfaceOrientationLandscapeLeft UIInterfaceOrientationLandscapeRight";
				LD_RUNPATH_SEARCH_PATHS = (
					"$(inherited)",
					"@executable_path/Frameworks",
				);
				MARKETING_VERSION = 1.0;
				PRODUCT_BUNDLE_IDENTIFIER = "com.shanahan-k.AbsenceRecorder";
				PRODUCT_NAME = "$(TARGET_NAME)";
				SWIFT_EMIT_LOC_STRINGS = YES;
				SWIFT_VERSION = 5.0;
				TARGETED_DEVICE_FAMILY = "1,2";
			};
			name = Release;
		};
		4C479E0A27AAE1C400512143 /* Debug */ = {
			isa = XCBuildConfiguration;
			buildSettings = {
				ALWAYS_EMBED_SWIFT_STANDARD_LIBRARIES = YES;
				BUNDLE_LOADER = "$(TEST_HOST)";
				CODE_SIGN_STYLE = Automatic;
				CURRENT_PROJECT_VERSION = 1;
				GENERATE_INFOPLIST_FILE = YES;
				IPHONEOS_DEPLOYMENT_TARGET = 15.2;
				MARKETING_VERSION = 1.0;
				PRODUCT_BUNDLE_IDENTIFIER = "com.shanahan-k.AbsenceRecorderTests";
				PRODUCT_NAME = "$(TARGET_NAME)";
				SWIFT_EMIT_LOC_STRINGS = NO;
				SWIFT_VERSION = 5.0;
				TARGETED_DEVICE_FAMILY = "1,2";
				TEST_HOST = "$(BUILT_PRODUCTS_DIR)/AbsenceRecorder.app/AbsenceRecorder";
			};
			name = Debug;
		};
		4C479E0B27AAE1C400512143 /* Release */ = {
			isa = XCBuildConfiguration;
			buildSettings = {
				ALWAYS_EMBED_SWIFT_STANDARD_LIBRARIES = YES;
				BUNDLE_LOADER = "$(TEST_HOST)";
				CODE_SIGN_STYLE = Automatic;
				CURRENT_PROJECT_VERSION = 1;
				GENERATE_INFOPLIST_FILE = YES;
				IPHONEOS_DEPLOYMENT_TARGET = 15.2;
				MARKETING_VERSION = 1.0;
				PRODUCT_BUNDLE_IDENTIFIER = "com.shanahan-k.AbsenceRecorderTests";
				PRODUCT_NAME = "$(TARGET_NAME)";
				SWIFT_EMIT_LOC_STRINGS = NO;
				SWIFT_VERSION = 5.0;
				TARGETED_DEVICE_FAMILY = "1,2";
				TEST_HOST = "$(BUILT_PRODUCTS_DIR)/AbsenceRecorder.app/AbsenceRecorder";
			};
			name = Release;
		};
		4C479E0D27AAE1C400512143 /* Debug */ = {
			isa = XCBuildConfiguration;
			buildSettings = {
				ALWAYS_EMBED_SWIFT_STANDARD_LIBRARIES = YES;
				CODE_SIGN_STYLE = Automatic;
				CURRENT_PROJECT_VERSION = 1;
				GENERATE_INFOPLIST_FILE = YES;
				MARKETING_VERSION = 1.0;
				PRODUCT_BUNDLE_IDENTIFIER = "com.shanahan-k.AbsenceRecorderUITests";
				PRODUCT_NAME = "$(TARGET_NAME)";
				SWIFT_EMIT_LOC_STRINGS = NO;
				SWIFT_VERSION = 5.0;
				TARGETED_DEVICE_FAMILY = "1,2";
				TEST_TARGET_NAME = AbsenceRecorder;
			};
			name = Debug;
		};
		4C479E0E27AAE1C400512143 /* Release */ = {
			isa = XCBuildConfiguration;
			buildSettings = {
				ALWAYS_EMBED_SWIFT_STANDARD_LIBRARIES = YES;
				CODE_SIGN_STYLE = Automatic;
				CURRENT_PROJECT_VERSION = 1;
				GENERATE_INFOPLIST_FILE = YES;
				MARKETING_VERSION = 1.0;
				PRODUCT_BUNDLE_IDENTIFIER = "com.shanahan-k.AbsenceRecorderUITests";
				PRODUCT_NAME = "$(TARGET_NAME)";
				SWIFT_EMIT_LOC_STRINGS = NO;
				SWIFT_VERSION = 5.0;
				TARGETED_DEVICE_FAMILY = "1,2";
				TEST_TARGET_NAME = AbsenceRecorder;
			};
			name = Release;
		};
/* End XCBuildConfiguration section */

/* Begin XCConfigurationList section */
		4C479DDD27AAE1C200512143 /* Build configuration list for PBXProject "AbsenceRecorder" */ = {
			isa = XCConfigurationList;
			buildConfigurations = (
				4C479E0427AAE1C400512143 /* Debug */,
				4C479E0527AAE1C400512143 /* Release */,
			);
			defaultConfigurationIsVisible = 0;
			defaultConfigurationName = Release;
		};
		4C479E0627AAE1C400512143 /* Build configuration list for PBXNativeTarget "AbsenceRecorder" */ = {
			isa = XCConfigurationList;
			buildConfigurations = (
				4C479E0727AAE1C400512143 /* Debug */,
				4C479E0827AAE1C400512143 /* Release */,
			);
			defaultConfigurationIsVisible = 0;
			defaultConfigurationName = Release;
		};
		4C479E0927AAE1C400512143 /* Build configuration list for PBXNativeTarget "AbsenceRecorderTests" */ = {
			isa = XCConfigurationList;
			buildConfigurations = (
				4C479E0A27AAE1C400512143 /* Debug */,
				4C479E0B27AAE1C400512143 /* Release */,
			);
			defaultConfigurationIsVisible = 0;
			defaultConfigurationName = Release;
		};
		4C479E0C27AAE1C400512143 /* Build configuration list for PBXNativeTarget "AbsenceRecorderUITests" */ = {
			isa = XCConfigurationList;
			buildConfigurations = (
				4C479E0D27AAE1C400512143 /* Debug */,
				4C479E0E27AAE1C400512143 /* Release */,
			);
			defaultConfigurationIsVisible = 0;
			defaultConfigurationName = Release;
		};
/* End XCConfigurationList section */
	};
	rootObject = 4C479DDA27AAE1C200512143 /* Project object */;
}
